// !$*UTF8*$!
{
	archiveVersion = 1;
	classes = {
	};
	objectVersion = 50;
	objects = {

/* Begin PBXBuildFile section */
		843D851A22897356006F26DF /* Button.swift in Sources */ = {isa = PBXBuildFile; fileRef = 843D851922897356006F26DF /* Button.swift */; };
		84BEC8C2228983F30018E2DA /* UIView+Extension.swift in Sources */ = {isa = PBXBuildFile; fileRef = 84BEC8C1228983F30018E2DA /* UIView+Extension.swift */; };
		84BEC8C422898C990018E2DA /* PopupView.swift in Sources */ = {isa = PBXBuildFile; fileRef = 84BEC8C322898C990018E2DA /* PopupView.swift */; };
		84C2CC2222895DEF001C0A35 /* AppDelegate.swift in Sources */ = {isa = PBXBuildFile; fileRef = 84C2CC2122895DEF001C0A35 /* AppDelegate.swift */; };
		84C2CC2422895DEF001C0A35 /* ViewController.swift in Sources */ = {isa = PBXBuildFile; fileRef = 84C2CC2322895DEF001C0A35 /* ViewController.swift */; };
		84C2CC2722895DEF001C0A35 /* Main.storyboard in Resources */ = {isa = PBXBuildFile; fileRef = 84C2CC2522895DEF001C0A35 /* Main.storyboard */; };
		84C2CC2922895DF1001C0A35 /* Assets.xcassets in Resources */ = {isa = PBXBuildFile; fileRef = 84C2CC2822895DF1001C0A35 /* Assets.xcassets */; };
		84C2CC2C22895DF1001C0A35 /* LaunchScreen.storyboard in Resources */ = {isa = PBXBuildFile; fileRef = 84C2CC2A22895DF1001C0A35 /* LaunchScreen.storyboard */; };
/* End PBXBuildFile section */

/* Begin PBXFileReference section */
		843D851922897356006F26DF /* Button.swift */ = {isa = PBXFileReference; lastKnownFileType = sourcecode.swift; path = Button.swift; sourceTree = "<group>"; };
		84BEC8C1228983F30018E2DA /* UIView+Extension.swift */ = {isa = PBXFileReference; lastKnownFileType = sourcecode.swift; path = "UIView+Extension.swift"; sourceTree = "<group>"; };
		84BEC8C322898C990018E2DA /* PopupView.swift */ = {isa = PBXFileReference; lastKnownFileType = sourcecode.swift; path = PopupView.swift; sourceTree = "<group>"; };
		84C2CC1E22895DEF001C0A35 /* HeaderPopupDemo.app */ = {isa = PBXFileReference; explicitFileType = wrapper.application; includeInIndex = 0; path = HeaderPopupDemo.app; sourceTree = BUILT_PRODUCTS_DIR; };
		84C2CC2122895DEF001C0A35 /* AppDelegate.swift */ = {isa = PBXFileReference; lastKnownFileType = sourcecode.swift; path = AppDelegate.swift; sourceTree = "<group>"; };
		84C2CC2322895DEF001C0A35 /* ViewController.swift */ = {isa = PBXFileReference; lastKnownFileType = sourcecode.swift; path = ViewController.swift; sourceTree = "<group>"; };
		84C2CC2622895DEF001C0A35 /* Base */ = {isa = PBXFileReference; lastKnownFileType = file.storyboard; name = Base; path = Base.lproj/Main.storyboard; sourceTree = "<group>"; };
		84C2CC2822895DF1001C0A35 /* Assets.xcassets */ = {isa = PBXFileReference; lastKnownFileType = folder.assetcatalog; path = Assets.xcassets; sourceTree = "<group>"; };
		84C2CC2B22895DF1001C0A35 /* Base */ = {isa = PBXFileReference; lastKnownFileType = file.storyboard; name = Base; path = Base.lproj/LaunchScreen.storyboard; sourceTree = "<group>"; };
		84C2CC2D22895DF1001C0A35 /* Info.plist */ = {isa = PBXFileReference; lastKnownFileType = text.plist.xml; path = Info.plist; sourceTree = "<group>"; };
/* End PBXFileReference section */

/* Begin PBXFrameworksBuildPhase section */
		84C2CC1B22895DEF001C0A35 /* Frameworks */ = {
			isa = PBXFrameworksBuildPhase;
			buildActionMask = 2147483647;
			files = (
			);
			runOnlyForDeploymentPostprocessing = 0;
		};
/* End PBXFrameworksBuildPhase section */

/* Begin PBXGroup section */
		84C2CC1522895DEE001C0A35 = {
			isa = PBXGroup;
			children = (
				84C2CC2022895DEF001C0A35 /* HeaderPopupDemo */,
				84C2CC1F22895DEF001C0A35 /* Products */,
			);
			sourceTree = "<group>";
		};
		84C2CC1F22895DEF001C0A35 /* Products */ = {
			isa = PBXGroup;
			children = (
				84C2CC1E22895DEF001C0A35 /* HeaderPopupDemo.app */,
			);
			name = Products;
			sourceTree = "<group>";
		};
		84C2CC2022895DEF001C0A35 /* HeaderPopupDemo */ = {
			isa = PBXGroup;
			children = (
				84C2CC2122895DEF001C0A35 /* AppDelegate.swift */,
				84C2CC2322895DEF001C0A35 /* ViewController.swift */,
				843D851922897356006F26DF /* Button.swift */,
				84BEC8C322898C990018E2DA /* PopupView.swift */,
				84C2CC2522895DEF001C0A35 /* Main.storyboard */,
				84BEC8C1228983F30018E2DA /* UIView+Extension.swift */,
				84C2CC2822895DF1001C0A35 /* Assets.xcassets */,
				84C2CC2A22895DF1001C0A35 /* LaunchScreen.storyboard */,
				84C2CC2D22895DF1001C0A35 /* Info.plist */,
			);
			path = HeaderPopupDemo;
			sourceTree = "<group>";
		};
/* End PBXGroup section */

/* Begin PBXNativeTarget section */
		84C2CC1D22895DEF001C0A35 /* HeaderPopupDemo */ = {
			isa = PBXNativeTarget;
			buildConfigurationList = 84C2CC3022895DF1001C0A35 /* Build configuration list for PBXNativeTarget "HeaderPopupDemo" */;
			buildPhases = (
				84C2CC1A22895DEF001C0A35 /* Sources */,
				84C2CC1B22895DEF001C0A35 /* Frameworks */,
				84C2CC1C22895DEF001C0A35 /* Resources */,
			);
			buildRules = (
			);
			dependencies = (
			);
			name = HeaderPopupDemo;
			productName = HeaderPopupDemo;
			productReference = 84C2CC1E22895DEF001C0A35 /* HeaderPopupDemo.app */;
			productType = "com.apple.product-type.application";
		};
/* End PBXNativeTarget section */

/* Begin PBXProject section */
		84C2CC1622895DEE001C0A35 /* Project object */ = {
			isa = PBXProject;
			attributes = {
				LastSwiftUpdateCheck = 0940;
				LastUpgradeCheck = 0940;
				ORGANIZATIONNAME = admin;
				TargetAttributes = {
					84C2CC1D22895DEF001C0A35 = {
						CreatedOnToolsVersion = 9.4.1;
					};
				};
			};
			buildConfigurationList = 84C2CC1922895DEF001C0A35 /* Build configuration list for PBXProject "HeaderPopupDemo" */;
			compatibilityVersion = "Xcode 9.3";
			developmentRegion = en;
			hasScannedForEncodings = 0;
			knownRegions = (
				en,
				Base,
			);
			mainGroup = 84C2CC1522895DEE001C0A35;
			productRefGroup = 84C2CC1F22895DEF001C0A35 /* Products */;
			projectDirPath = "";
			projectRoot = "";
			targets = (
				84C2CC1D22895DEF001C0A35 /* HeaderPopupDemo */,
			);
		};
/* End PBXProject section */

/* Begin PBXResourcesBuildPhase section */
		84C2CC1C22895DEF001C0A35 /* Resources */ = {
			isa = PBXResourcesBuildPhase;
			buildActionMask = 2147483647;
			files = (
				84C2CC2C22895DF1001C0A35 /* LaunchScreen.storyboard in Resources */,
				84C2CC2922895DF1001C0A35 /* Assets.xcassets in Resources */,
				84C2CC2722895DEF001C0A35 /* Main.storyboard in Resources */,
			);
			runOnlyForDeploymentPostprocessing = 0;
		};
/* End PBXResourcesBuildPhase section */

/* Begin PBXSourcesBuildPhase section */
		84C2CC1A22895DEF001C0A35 /* Sources */ = {
			isa = PBXSourcesBuildPhase;
			buildActionMask = 2147483647;
			files = (
				84C2CC2422895DEF001C0A35 /* ViewController.swift in Sources */,
				843D851A22897356006F26DF /* Button.swift in Sources */,
				84BEC8C2228983F30018E2DA /* UIView+Extension.swift in Sources */,
				84BEC8C422898C990018E2DA /* PopupView.swift in Sources */,
				84C2CC2222895DEF001C0A35 /* AppDelegate.swift in Sources */,
			);
			runOnlyForDeploymentPostprocessing = 0;
		};
/* End PBXSourcesBuildPhase section */

/* Begin PBXVariantGroup section */
		84C2CC2522895DEF001C0A35 /* Main.storyboard */ = {
			isa = PBXVariantGroup;
			children = (
				84C2CC2622895DEF001C0A35 /* Base */,
			);
			name = Main.storyboard;
			sourceTree = "<group>";
		};
		84C2CC2A22895DF1001C0A35 /* LaunchScreen.storyboard */ = {
			isa = PBXVariantGroup;
			children = (
				84C2CC2B22895DF1001C0A35 /* Base */,
			);
			name = LaunchScreen.storyboard;
			sourceTree = "<group>";
		};
/* End PBXVariantGroup section */

/* Begin XCBuildConfiguration section */
		84C2CC2E22895DF1001C0A35 /* Debug */ = {
			isa = XCBuildConfiguration;
			buildSettings = {
				ALWAYS_SEARCH_USER_PATHS = NO;
				CLANG_ANALYZER_NONNULL = YES;
				CLANG_ANALYZER_NUMBER_OBJECT_CONVERSION = YES_AGGRESSIVE;
				CLANG_CXX_LANGUAGE_STANDARD = "gnu++14";
				CLANG_CXX_LIBRARY = "libc++";
				CLANG_ENABLE_MODULES = YES;
				CLANG_ENABLE_OBJC_ARC = YES;
				CLANG_ENABLE_OBJC_WEAK = YES;
				CLANG_WARN_BLOCK_CAPTURE_AUTORELEASING = YES;
				CLANG_WARN_BOOL_CONVERSION = YES;
				CLANG_WARN_COMMA = YES;
				CLANG_WARN_CONSTANT_CONVERSION = YES;
				CLANG_WARN_DEPRECATED_OBJC_IMPLEMENTATIONS = YES;
				CLANG_WARN_DIRECT_OBJC_ISA_USAGE = YES_ERROR;
				CLANG_WARN_DOCUMENTATION_COMMENTS = YES;
				CLANG_WARN_EMPTY_BODY = YES;
				CLANG_WARN_ENUM_CONVERSION = YES;
				CLANG_WARN_INFINITE_RECURSION = YES;
				CLANG_WARN_INT_CONVERSION = YES;
				CLANG_WARN_NON_LITERAL_NULL_CONVERSION = YES;
				CLANG_WARN_OBJC_IMPLICIT_RETAIN_SELF = YES;
				CLANG_WARN_OBJC_LITERAL_CONVERSION = YES;
				CLANG_WARN_OBJC_ROOT_CLASS = YES_ERROR;
				CLANG_WARN_RANGE_LOOP_ANALYSIS = YES;
				CLANG_WARN_STRICT_PROTOTYPES = YES;
				CLANG_WARN_SUSPICIOUS_MOVE = YES;
				CLANG_WARN_UNGUARDED_AVAILABILITY = YES_AGGRESSIVE;
				CLANG_WARN_UNREACHABLE_CODE = YES;
				CLANG_WARN__DUPLICATE_METHOD_MATCH = YES;
				CODE_SIGN_IDENTITY = "iPhone Developer";
				COPY_PHASE_STRIP = NO;
				DEBUG_INFORMATION_FORMAT = dwarf;
				ENABLE_STRICT_OBJC_MSGSEND = YES;
				ENABLE_TESTABILITY = YES;
				GCC_C_LANGUAGE_STANDARD = gnu11;
				GCC_DYNAMIC_NO_PIC = NO;
				GCC_NO_COMMON_BLOCKS = YES;
				GCC_OPTIMIZATION_LEVEL = 0;
				GCC_PREPROCESSOR_DEFINITIONS = (
					"DEBUG=1",
					"$(inherited)",
				);
				GCC_WARN_64_TO_32_BIT_CONVERSION = YES;
				GCC_WARN_ABOUT_RETURN_TYPE = YES_ERROR;
				GCC_WARN_UNDECLARED_SELECTOR = YES;
				GCC_WARN_UNINITIALIZED_AUTOS = YES_AGGRESSIVE;
				GCC_WARN_UNUSED_FUNCTION = YES;
				GCC_WARN_UNUSED_VARIABLE = YES;
				IPHONEOS_DEPLOYMENT_TARGET = 11.4;
				MTL_ENABLE_DEBUG_INFO = YES;
				ONLY_ACTIVE_ARCH = YES;
				SDKROOT = iphoneos;
				SWIFT_ACTIVE_COMPILATION_CONDITIONS = DEBUG;
				SWIFT_OPTIMIZATION_LEVEL = "-Onone";
			};
			name = Debug;
		};
		84C2CC2F22895DF1001C0A35 /* Release */ = {
			isa = XCBuildConfiguration;
			buildSettings = {
				ALWAYS_SEARCH_USER_PATHS = NO;
				CLANG_ANALYZER_NONNULL = YES;
				CLANG_ANALYZER_NUMBER_OBJECT_CONVERSION = YES_AGGRESSIVE;
				CLANG_CXX_LANGUAGE_STANDARD = "gnu++14";
				CLANG_CXX_LIBRARY = "libc++";
				CLANG_ENABLE_MODULES = YES;
				CLANG_ENABLE_OBJC_ARC = YES;
				CLANG_ENABLE_OBJC_WEAK = YES;
				CLANG_WARN_BLOCK_CAPTURE_AUTORELEASING = YES;
				CLANG_WARN_BOOL_CONVERSION = YES;
				CLANG_WARN_COMMA = YES;
				CLANG_WARN_CONSTANT_CONVERSION = YES;
				CLANG_WARN_DEPRECATED_OBJC_IMPLEMENTATIONS = YES;
				CLANG_WARN_DIRECT_OBJC_ISA_USAGE = YES_ERROR;
				CLANG_WARN_DOCUMENTATION_COMMENTS = YES;
				CLANG_WARN_EMPTY_BODY = YES;
				CLANG_WARN_ENUM_CONVERSION = YES;
				CLANG_WARN_INFINITE_RECURSION = YES;
				CLANG_WARN_INT_CONVERSION = YES;
				CLANG_WARN_NON_LITERAL_NULL_CONVERSION = YES;
				CLANG_WARN_OBJC_IMPLICIT_RETAIN_SELF = YES;
				CLANG_WARN_OBJC_LITERAL_CONVERSION = YES;
				CLANG_WARN_OBJC_ROOT_CLASS = YES_ERROR;
				CLANG_WARN_RANGE_LOOP_ANALYSIS = YES;
				CLANG_WARN_STRICT_PROTOTYPES = YES;
				CLANG_WARN_SUSPICIOUS_MOVE = YES;
				CLANG_WARN_UNGUARDED_AVAILABILITY = YES_AGGRESSIVE;
				CLANG_WARN_UNREACHABLE_CODE = YES;
				CLANG_WARN__DUPLICATE_METHOD_MATCH = YES;
				CODE_SIGN_IDENTITY = "iPhone Developer";
				COPY_PHASE_STRIP = NO;
				DEBUG_INFORMATION_FORMAT = "dwarf-with-dsym";
				ENABLE_NS_ASSERTIONS = NO;
				ENABLE_STRICT_OBJC_MSGSEND = YES;
				GCC_C_LANGUAGE_STANDARD = gnu11;
				GCC_NO_COMMON_BLOCKS = YES;
				GCC_WARN_64_TO_32_BIT_CONVERSION = YES;
				GCC_WARN_ABOUT_RETURN_TYPE = YES_ERROR;
				GCC_WARN_UNDECLARED_SELECTOR = YES;
				GCC_WARN_UNINITIALIZED_AUTOS = YES_AGGRESSIVE;
				GCC_WARN_UNUSED_FUNCTION = YES;
				GCC_WARN_UNUSED_VARIABLE = YES;
				IPHONEOS_DEPLOYMENT_TARGET = 11.4;
				MTL_ENABLE_DEBUG_INFO = NO;
				SDKROOT = iphoneos;
				SWIFT_COMPILATION_MODE = wholemodule;
				SWIFT_OPTIMIZATION_LEVEL = "-O";
				VALIDATE_PRODUCT = YES;
			};
			name = Release;
		};
		84C2CC3122895DF1001C0A35 /* Debug */ = {
			isa = XCBuildConfiguration;
			buildSettings = {
				ASSETCATALOG_COMPILER_APPICON_NAME = AppIcon;
				CODE_SIGN_STYLE = Automatic;
				INFOPLIST_FILE = HeaderPopupDemo/Info.plist;
				LD_RUNPATH_SEARCH_PATHS = (
					"$(inherited)",
					"@executable_path/Frameworks",
				);
				PRODUCT_BUNDLE_IDENTIFIER = com.hongchinh.HeaderPopupDemo;
				PRODUCT_NAME = "$(TARGET_NAME)";
				SWIFT_VERSION = 4.0;
				TARGETED_DEVICE_FAMILY = "1,2";
			};
			name = Debug;
		};
		84C2CC3222895DF1001C0A35 /* Release */ = {
			isa = XCBuildConfiguration;
			buildSettings = {
				ASSETCATALOG_COMPILER_APPICON_NAME = AppIcon;
				CODE_SIGN_STYLE = Automatic;
				INFOPLIST_FILE = HeaderPopupDemo/Info.plist;
				LD_RUNPATH_SEARCH_PATHS = (
					"$(inherited)",
					"@executable_path/Frameworks",
				);
				PRODUCT_BUNDLE_IDENTIFIER = com.hongchinh.HeaderPopupDemo;
				PRODUCT_NAME = "$(TARGET_NAME)";
				SWIFT_VERSION = 4.0;
				TARGETED_DEVICE_FAMILY = "1,2";
			};
			name = Release;
		};
/* End XCBuildConfiguration section */

/* Begin XCConfigurationList section */
		84C2CC1922895DEF001C0A35 /* Build configuration list for PBXProject "HeaderPopupDemo" */ = {
			isa = XCConfigurationList;
			buildConfigurations = (
				84C2CC2E22895DF1001C0A35 /* Debug */,
				84C2CC2F22895DF1001C0A35 /* Release */,
			);
			defaultConfigurationIsVisible = 0;
			defaultConfigurationName = Release;
		};
		84C2CC3022895DF1001C0A35 /* Build configuration list for PBXNativeTarget "HeaderPopupDemo" */ = {
			isa = XCConfigurationList;
			buildConfigurations = (
				84C2CC3122895DF1001C0A35 /* Debug */,
				84C2CC3222895DF1001C0A35 /* Release */,
			);
			defaultConfigurationIsVisible = 0;
			defaultConfigurationName = Release;
		};
/* End XCConfigurationList section */
	};
	rootObject = 84C2CC1622895DEE001C0A35 /* Project object */;
}
